// !$*UTF8*$!
{
	archiveVersion = 1;
	classes = {
	};
	objectVersion = 55;
	objects = {

/* Begin PBXBuildFile section */
		1FFA091527C550AD00DE7C13 /* HooperStatsApp.swift in Sources */ = {isa = PBXBuildFile; fileRef = 1FFA091427C550AD00DE7C13 /* HooperStatsApp.swift */; };
		1FFA091727C550AD00DE7C13 /* RecordView.swift in Sources */ = {isa = PBXBuildFile; fileRef = 1FFA091627C550AD00DE7C13 /* RecordView.swift */; };
		1FFA091927C550AE00DE7C13 /* Assets.xcassets in Resources */ = {isa = PBXBuildFile; fileRef = 1FFA091827C550AE00DE7C13 /* Assets.xcassets */; };
		1FFA091C27C550AE00DE7C13 /* Preview Assets.xcassets in Resources */ = {isa = PBXBuildFile; fileRef = 1FFA091B27C550AE00DE7C13 /* Preview Assets.xcassets */; };
		1FFA092327C7D08B00DE7C13 /* MainView.swift in Sources */ = {isa = PBXBuildFile; fileRef = 1FFA092227C7D08B00DE7C13 /* MainView.swift */; };
		1FFA092527C7D0D800DE7C13 /* StatsView.swift in Sources */ = {isa = PBXBuildFile; fileRef = 1FFA092427C7D0D800DE7C13 /* StatsView.swift */; };
		1FFA092727C7D0DF00DE7C13 /* SettingsView.swift in Sources */ = {isa = PBXBuildFile; fileRef = 1FFA092627C7D0DF00DE7C13 /* SettingsView.swift */; };
		1FFA092A27C858D100DE7C13 /* Game.swift in Sources */ = {isa = PBXBuildFile; fileRef = 1FFA092927C858D100DE7C13 /* Game.swift */; };
		1FFA092C27C92AD400DE7C13 /* RecordViewModel.swift in Sources */ = {isa = PBXBuildFile; fileRef = 1FFA092B27C92AD400DE7C13 /* RecordViewModel.swift */; };
		1FFA093227C934BF00DE7C13 /* GameCreatorView.swift in Sources */ = {isa = PBXBuildFile; fileRef = 1FFA093127C934BF00DE7C13 /* GameCreatorView.swift */; };
		1FFA093427C9374D00DE7C13 /* GameCreatorModel.swift in Sources */ = {isa = PBXBuildFile; fileRef = 1FFA093327C9374D00DE7C13 /* GameCreatorModel.swift */; };
/* End PBXBuildFile section */

/* Begin PBXFileReference section */
		1FFA091127C550AD00DE7C13 /* HooperStats.app */ = {isa = PBXFileReference; explicitFileType = wrapper.application; includeInIndex = 0; path = HooperStats.app; sourceTree = BUILT_PRODUCTS_DIR; };
		1FFA091427C550AD00DE7C13 /* HooperStatsApp.swift */ = {isa = PBXFileReference; lastKnownFileType = sourcecode.swift; path = HooperStatsApp.swift; sourceTree = "<group>"; };
		1FFA091627C550AD00DE7C13 /* RecordView.swift */ = {isa = PBXFileReference; lastKnownFileType = sourcecode.swift; path = RecordView.swift; sourceTree = "<group>"; };
		1FFA091827C550AE00DE7C13 /* Assets.xcassets */ = {isa = PBXFileReference; lastKnownFileType = folder.assetcatalog; path = Assets.xcassets; sourceTree = "<group>"; };
		1FFA091B27C550AE00DE7C13 /* Preview Assets.xcassets */ = {isa = PBXFileReference; lastKnownFileType = folder.assetcatalog; path = "Preview Assets.xcassets"; sourceTree = "<group>"; };
		1FFA092227C7D08B00DE7C13 /* MainView.swift */ = {isa = PBXFileReference; lastKnownFileType = sourcecode.swift; path = MainView.swift; sourceTree = "<group>"; };
		1FFA092427C7D0D800DE7C13 /* StatsView.swift */ = {isa = PBXFileReference; lastKnownFileType = sourcecode.swift; path = StatsView.swift; sourceTree = "<group>"; };
		1FFA092627C7D0DF00DE7C13 /* SettingsView.swift */ = {isa = PBXFileReference; lastKnownFileType = sourcecode.swift; path = SettingsView.swift; sourceTree = "<group>"; };
		1FFA092927C858D100DE7C13 /* Game.swift */ = {isa = PBXFileReference; lastKnownFileType = sourcecode.swift; path = Game.swift; sourceTree = "<group>"; };
		1FFA092B27C92AD400DE7C13 /* RecordViewModel.swift */ = {isa = PBXFileReference; lastKnownFileType = sourcecode.swift; path = RecordViewModel.swift; sourceTree = "<group>"; };
		1FFA093127C934BF00DE7C13 /* GameCreatorView.swift */ = {isa = PBXFileReference; lastKnownFileType = sourcecode.swift; path = GameCreatorView.swift; sourceTree = "<group>"; };
		1FFA093327C9374D00DE7C13 /* GameCreatorModel.swift */ = {isa = PBXFileReference; lastKnownFileType = sourcecode.swift; path = GameCreatorModel.swift; sourceTree = "<group>"; };
/* End PBXFileReference section */

/* Begin PBXFrameworksBuildPhase section */
		1FFA090E27C550AD00DE7C13 /* Frameworks */ = {
			isa = PBXFrameworksBuildPhase;
			buildActionMask = 2147483647;
			files = (
			);
			runOnlyForDeploymentPostprocessing = 0;
		};
/* End PBXFrameworksBuildPhase section */

/* Begin PBXGroup section */
		1FFA090827C550AD00DE7C13 = {
			isa = PBXGroup;
			children = (
				1FFA091327C550AD00DE7C13 /* HooperStats */,
				1FFA091227C550AD00DE7C13 /* Products */,
			);
			sourceTree = "<group>";
		};
		1FFA091227C550AD00DE7C13 /* Products */ = {
			isa = PBXGroup;
			children = (
				1FFA091127C550AD00DE7C13 /* HooperStats.app */,
			);
			name = Products;
			sourceTree = "<group>";
		};
		1FFA091327C550AD00DE7C13 /* HooperStats */ = {
			isa = PBXGroup;
			children = (
				1FFA091427C550AD00DE7C13 /* HooperStatsApp.swift */,
				1FFA092827C7D0E900DE7C13 /* Views */,
				1FFA092E27C92AED00DE7C13 /* Models */,
				1FFA091827C550AE00DE7C13 /* Assets.xcassets */,
				1FFA091A27C550AE00DE7C13 /* Preview Content */,
			);
			path = HooperStats;
			sourceTree = "<group>";
		};
		1FFA091A27C550AE00DE7C13 /* Preview Content */ = {
			isa = PBXGroup;
			children = (
				1FFA091B27C550AE00DE7C13 /* Preview Assets.xcassets */,
			);
			path = "Preview Content";
			sourceTree = "<group>";
		};
		1FFA092827C7D0E900DE7C13 /* Views */ = {
			isa = PBXGroup;
			children = (
				1FFA092227C7D08B00DE7C13 /* MainView.swift */,
				1FFA092F27C92AFE00DE7C13 /* Settings */,
				1FFA093027C92B0300DE7C13 /* Stats */,
				1FFA092D27C92ADA00DE7C13 /* Record */,
			);
			path = Views;
			sourceTree = "<group>";
		};
		1FFA092D27C92ADA00DE7C13 /* Record */ = {
			isa = PBXGroup;
			children = (
				1FFA091627C550AD00DE7C13 /* RecordView.swift */,
				1FFA092B27C92AD400DE7C13 /* RecordViewModel.swift */,
				1FFA093127C934BF00DE7C13 /* GameCreatorView.swift */,
				1FFA093327C9374D00DE7C13 /* GameCreatorModel.swift */,
			);
			path = Record;
			sourceTree = "<group>";
		};
		1FFA092E27C92AED00DE7C13 /* Models */ = {
			isa = PBXGroup;
			children = (
				1FFA092927C858D100DE7C13 /* Game.swift */,
			);
			path = Models;
			sourceTree = "<group>";
		};
		1FFA092F27C92AFE00DE7C13 /* Settings */ = {
			isa = PBXGroup;
			children = (
				1FFA092627C7D0DF00DE7C13 /* SettingsView.swift */,
			);
			path = Settings;
			sourceTree = "<group>";
		};
		1FFA093027C92B0300DE7C13 /* Stats */ = {
			isa = PBXGroup;
			children = (
				1FFA092427C7D0D800DE7C13 /* StatsView.swift */,
			);
			path = Stats;
			sourceTree = "<group>";
		};
/* End PBXGroup section */

/* Begin PBXNativeTarget section */
		1FFA091027C550AD00DE7C13 /* HooperStats */ = {
			isa = PBXNativeTarget;
			buildConfigurationList = 1FFA091F27C550AE00DE7C13 /* Build configuration list for PBXNativeTarget "HooperStats" */;
			buildPhases = (
				1FFA090D27C550AD00DE7C13 /* Sources */,
				1FFA090E27C550AD00DE7C13 /* Frameworks */,
				1FFA090F27C550AD00DE7C13 /* Resources */,
			);
			buildRules = (
			);
			dependencies = (
			);
			name = HooperStats;
			productName = HooperStats;
			productReference = 1FFA091127C550AD00DE7C13 /* HooperStats.app */;
			productType = "com.apple.product-type.application";
		};
/* End PBXNativeTarget section */

/* Begin PBXProject section */
		1FFA090927C550AD00DE7C13 /* Project object */ = {
			isa = PBXProject;
			attributes = {
				BuildIndependentTargetsInParallel = 1;
				LastSwiftUpdateCheck = 1320;
				LastUpgradeCheck = 1320;
				TargetAttributes = {
					1FFA091027C550AD00DE7C13 = {
						CreatedOnToolsVersion = 13.2.1;
					};
				};
			};
			buildConfigurationList = 1FFA090C27C550AD00DE7C13 /* Build configuration list for PBXProject "HooperStats" */;
			compatibilityVersion = "Xcode 13.0";
			developmentRegion = en;
			hasScannedForEncodings = 0;
			knownRegions = (
				en,
				Base,
			);
			mainGroup = 1FFA090827C550AD00DE7C13;
			productRefGroup = 1FFA091227C550AD00DE7C13 /* Products */;
			projectDirPath = "";
			projectRoot = "";
			targets = (
				1FFA091027C550AD00DE7C13 /* HooperStats */,
			);
		};
/* End PBXProject section */

/* Begin PBXResourcesBuildPhase section */
		1FFA090F27C550AD00DE7C13 /* Resources */ = {
			isa = PBXResourcesBuildPhase;
			buildActionMask = 2147483647;
			files = (
				1FFA091C27C550AE00DE7C13 /* Preview Assets.xcassets in Resources */,
				1FFA091927C550AE00DE7C13 /* Assets.xcassets in Resources */,
			);
			runOnlyForDeploymentPostprocessing = 0;
		};
/* End PBXResourcesBuildPhase section */

/* Begin PBXSourcesBuildPhase section */
		1FFA090D27C550AD00DE7C13 /* Sources */ = {
			isa = PBXSourcesBuildPhase;
			buildActionMask = 2147483647;
			files = (
				1FFA093427C9374D00DE7C13 /* GameCreatorModel.swift in Sources */,
				1FFA092727C7D0DF00DE7C13 /* SettingsView.swift in Sources */,
				1FFA092C27C92AD400DE7C13 /* RecordViewModel.swift in Sources */,
				1FFA092527C7D0D800DE7C13 /* StatsView.swift in Sources */,
				1FFA091727C550AD00DE7C13 /* RecordView.swift in Sources */,
				1FFA092A27C858D100DE7C13 /* Game.swift in Sources */,
				1FFA093227C934BF00DE7C13 /* GameCreatorView.swift in Sources */,
				1FFA092327C7D08B00DE7C13 /* MainView.swift in Sources */,
				1FFA091527C550AD00DE7C13 /* HooperStatsApp.swift in Sources */,
			);
			runOnlyForDeploymentPostprocessing = 0;
		};
/* End PBXSourcesBuildPhase section */

/* Begin XCBuildConfiguration section */
		1FFA091D27C550AE00DE7C13 /* Debug */ = {
			isa = XCBuildConfiguration;
			buildSettings = {
				ALWAYS_SEARCH_USER_PATHS = NO;
				CLANG_ANALYZER_NONNULL = YES;
				CLANG_ANALYZER_NUMBER_OBJECT_CONVERSION = YES_AGGRESSIVE;
				CLANG_CXX_LANGUAGE_STANDARD = "gnu++17";
				CLANG_CXX_LIBRARY = "libc++";
				CLANG_ENABLE_MODULES = YES;
				CLANG_ENABLE_OBJC_ARC = YES;
				CLANG_ENABLE_OBJC_WEAK = YES;
				CLANG_WARN_BLOCK_CAPTURE_AUTORELEASING = YES;
				CLANG_WARN_BOOL_CONVERSION = YES;
				CLANG_WARN_COMMA = YES;
				CLANG_WARN_CONSTANT_CONVERSION = YES;
				CLANG_WARN_DEPRECATED_OBJC_IMPLEMENTATIONS = YES;
				CLANG_WARN_DIRECT_OBJC_ISA_USAGE = YES_ERROR;
				CLANG_WARN_DOCUMENTATION_COMMENTS = YES;
				CLANG_WARN_EMPTY_BODY = YES;
				CLANG_WARN_ENUM_CONVERSION = YES;
				CLANG_WARN_INFINITE_RECURSION = YES;
				CLANG_WARN_INT_CONVERSION = YES;
				CLANG_WARN_NON_LITERAL_NULL_CONVERSION = YES;
				CLANG_WARN_OBJC_IMPLICIT_RETAIN_SELF = YES;
				CLANG_WARN_OBJC_LITERAL_CONVERSION = YES;
				CLANG_WARN_OBJC_ROOT_CLASS = YES_ERROR;
				CLANG_WARN_QUOTED_INCLUDE_IN_FRAMEWORK_HEADER = YES;
				CLANG_WARN_RANGE_LOOP_ANALYSIS = YES;
				CLANG_WARN_STRICT_PROTOTYPES = YES;
				CLANG_WARN_SUSPICIOUS_MOVE = YES;
				CLANG_WARN_UNGUARDED_AVAILABILITY = YES_AGGRESSIVE;
				CLANG_WARN_UNREACHABLE_CODE = YES;
				CLANG_WARN__DUPLICATE_METHOD_MATCH = YES;
				COPY_PHASE_STRIP = NO;
				DEBUG_INFORMATION_FORMAT = dwarf;
				ENABLE_STRICT_OBJC_MSGSEND = YES;
				ENABLE_TESTABILITY = YES;
				GCC_C_LANGUAGE_STANDARD = gnu11;
				GCC_DYNAMIC_NO_PIC = NO;
				GCC_NO_COMMON_BLOCKS = YES;
				GCC_OPTIMIZATION_LEVEL = 0;
				GCC_PREPROCESSOR_DEFINITIONS = (
					"DEBUG=1",
					"$(inherited)",
				);
				GCC_WARN_64_TO_32_BIT_CONVERSION = YES;
				GCC_WARN_ABOUT_RETURN_TYPE = YES_ERROR;
				GCC_WARN_UNDECLARED_SELECTOR = YES;
				GCC_WARN_UNINITIALIZED_AUTOS = YES_AGGRESSIVE;
				GCC_WARN_UNUSED_FUNCTION = YES;
				GCC_WARN_UNUSED_VARIABLE = YES;
				IPHONEOS_DEPLOYMENT_TARGET = 15.2;
				MTL_ENABLE_DEBUG_INFO = INCLUDE_SOURCE;
				MTL_FAST_MATH = YES;
				ONLY_ACTIVE_ARCH = YES;
				SDKROOT = iphoneos;
				SWIFT_ACTIVE_COMPILATION_CONDITIONS = DEBUG;
				SWIFT_OPTIMIZATION_LEVEL = "-Onone";
			};
			name = Debug;
		};
		1FFA091E27C550AE00DE7C13 /* Release */ = {
			isa = XCBuildConfiguration;
			buildSettings = {
				ALWAYS_SEARCH_USER_PATHS = NO;
				CLANG_ANALYZER_NONNULL = YES;
				CLANG_ANALYZER_NUMBER_OBJECT_CONVERSION = YES_AGGRESSIVE;
				CLANG_CXX_LANGUAGE_STANDARD = "gnu++17";
				CLANG_CXX_LIBRARY = "libc++";
				CLANG_ENABLE_MODULES = YES;
				CLANG_ENABLE_OBJC_ARC = YES;
				CLANG_ENABLE_OBJC_WEAK = YES;
				CLANG_WARN_BLOCK_CAPTURE_AUTORELEASING = YES;
				CLANG_WARN_BOOL_CONVERSION = YES;
				CLANG_WARN_COMMA = YES;
				CLANG_WARN_CONSTANT_CONVERSION = YES;
				CLANG_WARN_DEPRECATED_OBJC_IMPLEMENTATIONS = YES;
				CLANG_WARN_DIRECT_OBJC_ISA_USAGE = YES_ERROR;
				CLANG_WARN_DOCUMENTATION_COMMENTS = YES;
				CLANG_WARN_EMPTY_BODY = YES;
				CLANG_WARN_ENUM_CONVERSION = YES;
				CLANG_WARN_INFINITE_RECURSION = YES;
				CLANG_WARN_INT_CONVERSION = YES;
				CLANG_WARN_NON_LITERAL_NULL_CONVERSION = YES;
				CLANG_WARN_OBJC_IMPLICIT_RETAIN_SELF = YES;
				CLANG_WARN_OBJC_LITERAL_CONVERSION = YES;
				CLANG_WARN_OBJC_ROOT_CLASS = YES_ERROR;
				CLANG_WARN_QUOTED_INCLUDE_IN_FRAMEWORK_HEADER = YES;
				CLANG_WARN_RANGE_LOOP_ANALYSIS = YES;
				CLANG_WARN_STRICT_PROTOTYPES = YES;
				CLANG_WARN_SUSPICIOUS_MOVE = YES;
				CLANG_WARN_UNGUARDED_AVAILABILITY = YES_AGGRESSIVE;
				CLANG_WARN_UNREACHABLE_CODE = YES;
				CLANG_WARN__DUPLICATE_METHOD_MATCH = YES;
				COPY_PHASE_STRIP = NO;
				DEBUG_INFORMATION_FORMAT = "dwarf-with-dsym";
				ENABLE_NS_ASSERTIONS = NO;
				ENABLE_STRICT_OBJC_MSGSEND = YES;
				GCC_C_LANGUAGE_STANDARD = gnu11;
				GCC_NO_COMMON_BLOCKS = YES;
				GCC_WARN_64_TO_32_BIT_CONVERSION = YES;
				GCC_WARN_ABOUT_RETURN_TYPE = YES_ERROR;
				GCC_WARN_UNDECLARED_SELECTOR = YES;
				GCC_WARN_UNINITIALIZED_AUTOS = YES_AGGRESSIVE;
				GCC_WARN_UNUSED_FUNCTION = YES;
				GCC_WARN_UNUSED_VARIABLE = YES;
				IPHONEOS_DEPLOYMENT_TARGET = 15.2;
				MTL_ENABLE_DEBUG_INFO = NO;
				MTL_FAST_MATH = YES;
				SDKROOT = iphoneos;
				SWIFT_COMPILATION_MODE = wholemodule;
				SWIFT_OPTIMIZATION_LEVEL = "-O";
				VALIDATE_PRODUCT = YES;
			};
			name = Release;
		};
		1FFA092027C550AE00DE7C13 /* Debug */ = {
			isa = XCBuildConfiguration;
			buildSettings = {
				ASSETCATALOG_COMPILER_APPICON_NAME = AppIcon;
				ASSETCATALOG_COMPILER_GLOBAL_ACCENT_COLOR_NAME = AccentColor;
				CODE_SIGN_STYLE = Automatic;
				CURRENT_PROJECT_VERSION = 1;
				DEVELOPMENT_ASSET_PATHS = "\"HooperStats/Preview Content\"";
				DEVELOPMENT_TEAM = FL58422VA9;
				ENABLE_PREVIEWS = YES;
				GENERATE_INFOPLIST_FILE = YES;
				INFOPLIST_KEY_UIApplicationSceneManifest_Generation = YES;
				INFOPLIST_KEY_UIApplicationSupportsIndirectInputEvents = YES;
				INFOPLIST_KEY_UILaunchScreen_Generation = YES;
				INFOPLIST_KEY_UISupportedInterfaceOrientations_iPad = "UIInterfaceOrientationPortrait UIInterfaceOrientationPortraitUpsideDown UIInterfaceOrientationLandscapeLeft UIInterfaceOrientationLandscapeRight";
				INFOPLIST_KEY_UISupportedInterfaceOrientations_iPhone = "UIInterfaceOrientationPortrait UIInterfaceOrientationLandscapeLeft UIInterfaceOrientationLandscapeRight";
				LD_RUNPATH_SEARCH_PATHS = (
					"$(inherited)",
					"@executable_path/Frameworks",
				);
				MARKETING_VERSION = 1.0;
				PRODUCT_BUNDLE_IDENTIFIER = com.JeremyW.HooperStats;
				PRODUCT_NAME = "$(TARGET_NAME)";
				SWIFT_EMIT_LOC_STRINGS = YES;
				SWIFT_VERSION = 5.0;
				TARGETED_DEVICE_FAMILY = "1,2";
			};
			name = Debug;
		};
		1FFA092127C550AE00DE7C13 /* Release */ = {
			isa = XCBuildConfiguration;
			buildSettings = {
				ASSETCATALOG_COMPILER_APPICON_NAME = AppIcon;
				ASSETCATALOG_COMPILER_GLOBAL_ACCENT_COLOR_NAME = AccentColor;
				CODE_SIGN_STYLE = Automatic;
				CURRENT_PROJECT_VERSION = 1;
				DEVELOPMENT_ASSET_PATHS = "\"HooperStats/Preview Content\"";
				DEVELOPMENT_TEAM = FL58422VA9;
				ENABLE_PREVIEWS = YES;
				GENERATE_INFOPLIST_FILE = YES;
				INFOPLIST_KEY_UIApplicationSceneManifest_Generation = YES;
				INFOPLIST_KEY_UIApplicationSupportsIndirectInputEvents = YES;
				INFOPLIST_KEY_UILaunchScreen_Generation = YES;
				INFOPLIST_KEY_UISupportedInterfaceOrientations_iPad = "UIInterfaceOrientationPortrait UIInterfaceOrientationPortraitUpsideDown UIInterfaceOrientationLandscapeLeft UIInterfaceOrientationLandscapeRight";
				INFOPLIST_KEY_UISupportedInterfaceOrientations_iPhone = "UIInterfaceOrientationPortrait UIInterfaceOrientationLandscapeLeft UIInterfaceOrientationLandscapeRight";
				LD_RUNPATH_SEARCH_PATHS = (
					"$(inherited)",
					"@executable_path/Frameworks",
				);
				MARKETING_VERSION = 1.0;
				PRODUCT_BUNDLE_IDENTIFIER = com.JeremyW.HooperStats;
				PRODUCT_NAME = "$(TARGET_NAME)";
				SWIFT_EMIT_LOC_STRINGS = YES;
				SWIFT_VERSION = 5.0;
				TARGETED_DEVICE_FAMILY = "1,2";
			};
			name = Release;
		};
/* End XCBuildConfiguration section */

/* Begin XCConfigurationList section */
		1FFA090C27C550AD00DE7C13 /* Build configuration list for PBXProject "HooperStats" */ = {
			isa = XCConfigurationList;
			buildConfigurations = (
				1FFA091D27C550AE00DE7C13 /* Debug */,
				1FFA091E27C550AE00DE7C13 /* Release */,
			);
			defaultConfigurationIsVisible = 0;
			defaultConfigurationName = Release;
		};
		1FFA091F27C550AE00DE7C13 /* Build configuration list for PBXNativeTarget "HooperStats" */ = {
			isa = XCConfigurationList;
			buildConfigurations = (
				1FFA092027C550AE00DE7C13 /* Debug */,
				1FFA092127C550AE00DE7C13 /* Release */,
			);
			defaultConfigurationIsVisible = 0;
			defaultConfigurationName = Release;
		};
/* End XCConfigurationList section */
	};
	rootObject = 1FFA090927C550AD00DE7C13 /* Project object */;
}
